
Microsoft Visual Studio Solution File, Format Version 12.00
# Visual Studio Version 17
VisualStudioVersion = 17.2.32616.157
MinimumVisualStudioVersion = 10.0.40219.1
Project("{FAE04EC0-301F-11D3-BF4B-00C04F79EFBC}") = "BulkyBookWeb", "BulkyBookWeb\BulkyBookWeb.csproj", "{90756C7E-C130-41C0-9E93-1E27BE7A929F}"
EndProject
Global
	GlobalSection(SolutionConfigurationPlatforms) = preSolution
		Debug|Any CPU = Debug|Any CPU
		Release|Any CPU = Release|Any CPU
	EndGlobalSection
	GlobalSection(ProjectConfigurationPlatforms) = postSolution
		{90756C7E-C130-41C0-9E93-1E27BE7A929F}.Debug|Any CPU.ActiveCfg = Debug|Any CPU
		{90756C7E-C130-41C0-9E93-1E27BE7A929F}.Debug|Any CPU.Build.0 = Debug|Any CPU
		{90756C7E-C130-41C0-9E93-1E27BE7A929F}.Release|Any CPU.ActiveCfg = Release|Any CPU
		{90756C7E-C130-41C0-9E93-1E27BE7A929F}.Release|Any CPU.Build.0 = Release|Any CPU
	EndGlobalSection
	GlobalSection(SolutionProperties) = preSolution
		HideSolutionNode = FALSE
	EndGlobalSection
	GlobalSection(ExtensibilityGlobals) = postSolution
		SolutionGuid = {3F2C3093-8230-4B19-828E-8ADC2355351F}
	EndGlobalSection
EndGlobal
